
Microsoft Visual Studio Solution File, Format Version 12.00
# Visual Studio Version 17
VisualStudioVersion = 17.5.33627.172
MinimumVisualStudioVersion = 10.0.40219.1
Project("{FAE04EC0-301F-11D3-BF4B-00C04F79EFBC}") = "YAPW", "YAPW\YAPW.csproj", "{519E950C-81A7-4FD7-91BE-B999788902D6}"
EndProject
Project("{FAE04EC0-301F-11D3-BF4B-00C04F79EFBC}") = "YAPW.Domain", "YAPW.Domain\YAPW.Domain.csproj", "{F41AA69C-A138-4F1C-BD58-09F42AB89CCB}"
EndProject
Project("{FAE04EC0-301F-11D3-BF4B-00C04F79EFBC}") = "YAPW.Models", "YAPW.Models\YAPW.Models.csproj", "{6B2D4A6E-2A83-4D21-96B8-FF5CD1C742A1}"
EndProject
Project("{FAE04EC0-301F-11D3-BF4B-00C04F79EFBC}") = "YAPW.MainDb", "YAPW.MainDb\YAPW.MainDb.csproj", "{B59930AC-5A3A-4D3F-B0B7-B7329C8C3D18}"
EndProject
Global
	GlobalSection(SolutionConfigurationPlatforms) = preSolution
		Debug|Any CPU = Debug|Any CPU
		Release|Any CPU = Release|Any CPU
	EndGlobalSection
	GlobalSection(ProjectConfigurationPlatforms) = postSolution
		{519E950C-81A7-4FD7-91BE-B999788902D6}.Debug|Any CPU.ActiveCfg = Debug|Any CPU
		{519E950C-81A7-4FD7-91BE-B999788902D6}.Debug|Any CPU.Build.0 = Debug|Any CPU
		{519E950C-81A7-4FD7-91BE-B999788902D6}.Release|Any CPU.ActiveCfg = Release|Any CPU
		{519E950C-81A7-4FD7-91BE-B999788902D6}.Release|Any CPU.Build.0 = Release|Any CPU
		{F41AA69C-A138-4F1C-BD58-09F42AB89CCB}.Debug|Any CPU.ActiveCfg = Debug|Any CPU
		{F41AA69C-A138-4F1C-BD58-09F42AB89CCB}.Debug|Any CPU.Build.0 = Debug|Any CPU
		{F41AA69C-A138-4F1C-BD58-09F42AB89CCB}.Release|Any CPU.ActiveCfg = Release|Any CPU
		{F41AA69C-A138-4F1C-BD58-09F42AB89CCB}.Release|Any CPU.Build.0 = Release|Any CPU
		{6B2D4A6E-2A83-4D21-96B8-FF5CD1C742A1}.Debug|Any CPU.ActiveCfg = Debug|Any CPU
		{6B2D4A6E-2A83-4D21-96B8-FF5CD1C742A1}.Debug|Any CPU.Build.0 = Debug|Any CPU
		{6B2D4A6E-2A83-4D21-96B8-FF5CD1C742A1}.Release|Any CPU.ActiveCfg = Release|Any CPU
		{6B2D4A6E-2A83-4D21-96B8-FF5CD1C742A1}.Release|Any CPU.Build.0 = Release|Any CPU
		{B59930AC-5A3A-4D3F-B0B7-B7329C8C3D18}.Debug|Any CPU.ActiveCfg = Debug|Any CPU
		{B59930AC-5A3A-4D3F-B0B7-B7329C8C3D18}.Debug|Any CPU.Build.0 = Debug|Any CPU
		{B59930AC-5A3A-4D3F-B0B7-B7329C8C3D18}.Release|Any CPU.ActiveCfg = Release|Any CPU
		{B59930AC-5A3A-4D3F-B0B7-B7329C8C3D18}.Release|Any CPU.Build.0 = Release|Any CPU
	EndGlobalSection
	GlobalSection(SolutionProperties) = preSolution
		HideSolutionNode = FALSE
	EndGlobalSection
	GlobalSection(ExtensibilityGlobals) = postSolution
		SolutionGuid = {2B047730-592F-4649-BFF9-1C424D04AE46}
	EndGlobalSection
EndGlobal
