
Microsoft Visual Studio Solution File, Format Version 12.00
# Visual Studio Version 17
VisualStudioVersion = 17.5.33627.172
MinimumVisualStudioVersion = 10.0.40219.1
Project("{9A19103F-16F7-4668-BE54-9A1E7A4F7556}") = "YAPW.Domain", "YAPW.Domain\YAPW.Domain.csproj", "{F41AA69C-A138-4F1C-BD58-09F42AB89CCB}"
EndProject
Project("{9A19103F-16F7-4668-BE54-9A1E7A4F7556}") = "YAPW.Models", "YAPW.Models\YAPW.Models.csproj", "{6B2D4A6E-2A83-4D21-96B8-FF5CD1C742A1}"
EndProject
Project("{9A19103F-16F7-4668-BE54-9A1E7A4F7556}") = "YAPW.MainDb", "YAPW.MainDb\YAPW.MainDb.csproj", "{B59930AC-5A3A-4D3F-B0B7-B7329C8C3D18}"
EndProject
Project("{9A19103F-16F7-4668-BE54-9A1E7A4F7556}") = "YAPWEntities.API", "YAPWEntities.API\YAPWEntities.API.csproj", "{618814C6-A287-45C7-897A-C45CAF06A8A5}"
EndProject
Project("{9A19103F-16F7-4668-BE54-9A1E7A4F7556}") = "YAPW.API", "YAPW.API\YAPW.API.csproj", "{5C68530D-FAFC-4ABB-97D9-7B0D3F60FBC6}"
EndProject
Project("{9A19103F-16F7-4668-BE54-9A1E7A4F7556}") = "YAPW.API.Tests", "YAPW.API.Tests\YAPW.API.Tests.csproj", "{3E180568-AAAB-4C9D-B71D-B1D0C1802450}"
EndProject
Project("{FAE04EC0-301F-11D3-BF4B-00C04F79EFBC}") = "YAPW.LoadTesting", "YAPW.LoadTesting\YAPW.LoadTesting.csproj", "{5AF97430-BB86-4CA7-817C-B8941C54EEB6}"
EndProject
Global
	GlobalSection(SolutionConfigurationPlatforms) = preSolution
		Debug|Any CPU = Debug|Any CPU
		Release|Any CPU = Release|Any CPU
	EndGlobalSection
	GlobalSection(ProjectConfigurationPlatforms) = postSolution
		{F41AA69C-A138-4F1C-BD58-09F42AB89CCB}.Debug|Any CPU.ActiveCfg = Debug|Any CPU
		{F41AA69C-A138-4F1C-BD58-09F42AB89CCB}.Debug|Any CPU.Build.0 = Debug|Any CPU
		{F41AA69C-A138-4F1C-BD58-09F42AB89CCB}.Release|Any CPU.ActiveCfg = Release|Any CPU
		{F41AA69C-A138-4F1C-BD58-09F42AB89CCB}.Release|Any CPU.Build.0 = Release|Any CPU
		{6B2D4A6E-2A83-4D21-96B8-FF5CD1C742A1}.Debug|Any CPU.ActiveCfg = Debug|Any CPU
		{6B2D4A6E-2A83-4D21-96B8-FF5CD1C742A1}.Debug|Any CPU.Build.0 = Debug|Any CPU
		{6B2D4A6E-2A83-4D21-96B8-FF5CD1C742A1}.Release|Any CPU.ActiveCfg = Release|Any CPU
		{6B2D4A6E-2A83-4D21-96B8-FF5CD1C742A1}.Release|Any CPU.Build.0 = Release|Any CPU
		{B59930AC-5A3A-4D3F-B0B7-B7329C8C3D18}.Debug|Any CPU.ActiveCfg = Debug|Any CPU
		{B59930AC-5A3A-4D3F-B0B7-B7329C8C3D18}.Debug|Any CPU.Build.0 = Debug|Any CPU
		{B59930AC-5A3A-4D3F-B0B7-B7329C8C3D18}.Release|Any CPU.ActiveCfg = Release|Any CPU
		{B59930AC-5A3A-4D3F-B0B7-B7329C8C3D18}.Release|Any CPU.Build.0 = Release|Any CPU
		{618814C6-A287-45C7-897A-C45CAF06A8A5}.Debug|Any CPU.ActiveCfg = Debug|Any CPU
		{618814C6-A287-45C7-897A-C45CAF06A8A5}.Debug|Any CPU.Build.0 = Debug|Any CPU
		{618814C6-A287-45C7-897A-C45CAF06A8A5}.Release|Any CPU.ActiveCfg = Release|Any CPU
		{618814C6-A287-45C7-897A-C45CAF06A8A5}.Release|Any CPU.Build.0 = Release|Any CPU
		{5C68530D-FAFC-4ABB-97D9-7B0D3F60FBC6}.Debug|Any CPU.ActiveCfg = Debug|Any CPU
		{5C68530D-FAFC-4ABB-97D9-7B0D3F60FBC6}.Debug|Any CPU.Build.0 = Debug|Any CPU
		{5C68530D-FAFC-4ABB-97D9-7B0D3F60FBC6}.Release|Any CPU.ActiveCfg = Release|Any CPU
		{5C68530D-FAFC-4ABB-97D9-7B0D3F60FBC6}.Release|Any CPU.Build.0 = Release|Any CPU
		{3E180568-AAAB-4C9D-B71D-B1D0C1802450}.Debug|Any CPU.ActiveCfg = Debug|Any CPU
		{3E180568-AAAB-4C9D-B71D-B1D0C1802450}.Debug|Any CPU.Build.0 = Debug|Any CPU
		{3E180568-AAAB-4C9D-B71D-B1D0C1802450}.Release|Any CPU.ActiveCfg = Release|Any CPU
		{3E180568-AAAB-4C9D-B71D-B1D0C1802450}.Release|Any CPU.Build.0 = Release|Any CPU
		{5AF97430-BB86-4CA7-817C-B8941C54EEB6}.Debug|Any CPU.ActiveCfg = Debug|Any CPU
		{5AF97430-BB86-4CA7-817C-B8941C54EEB6}.Debug|Any CPU.Build.0 = Debug|Any CPU
		{5AF97430-BB86-4CA7-817C-B8941C54EEB6}.Release|Any CPU.ActiveCfg = Release|Any CPU
		{5AF97430-BB86-4CA7-817C-B8941C54EEB6}.Release|Any CPU.Build.0 = Release|Any CPU
	EndGlobalSection
	GlobalSection(SolutionProperties) = preSolution
		HideSolutionNode = FALSE
	EndGlobalSection
	GlobalSection(ExtensibilityGlobals) = postSolution
		SolutionGuid = {2B047730-592F-4649-BFF9-1C424D04AE46}
	EndGlobalSection
EndGlobal
