
Microsoft Visual Studio Solution File, Format Version 12.00
# Visual Studio Version 17
VisualStudioVersion = 17.7.34003.232
MinimumVisualStudioVersion = 10.0.40219.1
Project("{FAE04EC0-301F-11D3-BF4B-00C04F79EFBC}") = "SocialMedia.Interact", "SocialMedia.Interact.csproj", "{A235C379-577E-4516-A138-C20F078A13B4}"
EndProject
Global
	GlobalSection(SolutionConfigurationPlatforms) = preSolution
		Debug|Any CPU = Debug|Any CPU
		Release|Any CPU = Release|Any CPU
	EndGlobalSection
	GlobalSection(ProjectConfigurationPlatforms) = postSolution
		{A235C379-577E-4516-A138-C20F078A13B4}.Debug|Any CPU.ActiveCfg = Debug|Any CPU
		{A235C379-577E-4516-A138-C20F078A13B4}.Debug|Any CPU.Build.0 = Debug|Any CPU
		{A235C379-577E-4516-A138-C20F078A13B4}.Release|Any CPU.ActiveCfg = Release|Any CPU
		{A235C379-577E-4516-A138-C20F078A13B4}.Release|Any CPU.Build.0 = Release|Any CPU
	EndGlobalSection
	GlobalSection(SolutionProperties) = preSolution
		HideSolutionNode = FALSE
	EndGlobalSection
	GlobalSection(ExtensibilityGlobals) = postSolution
		SolutionGuid = {F61E9981-8D57-43F5-B337-A1F6A4301B3E}
	EndGlobalSection
EndGlobal
