
Microsoft Visual Studio Solution File, Format Version 12.00
# Visual Studio Version 17
VisualStudioVersion = 17.5.33627.172
MinimumVisualStudioVersion = 10.0.40219.1
Project("{9A19103F-16F7-4668-BE54-9A1E7A4F7556}") = "YAPW.Domain", "..\..\YAPW.Domain\YAPW.Domain.csproj", "{DB29FB08-5ACE-41D9-A6DE-F00B21CABF0F}"
EndProject
Project("{9A19103F-16F7-4668-BE54-9A1E7A4F7556}") = "YAPW.MainDb", "..\..\YAPW.MainDb\YAPW.MainDb.csproj", "{5A3A79D6-A6D8-4A9D-9C53-98841BB84195}"
EndProject
Project("{9A19103F-16F7-4668-BE54-9A1E7A4F7556}") = "YAPW.Service.Broker", "YAPW.Service.Broker.csproj", "{D35F45EB-9FFF-455E-969E-0D84232FCBB6}"
EndProject
Global
	GlobalSection(SolutionConfigurationPlatforms) = preSolution
		Debug|Any CPU = Debug|Any CPU
		Release|Any CPU = Release|Any CPU
	EndGlobalSection
	GlobalSection(ProjectConfigurationPlatforms) = postSolution
		{DB29FB08-5ACE-41D9-A6DE-F00B21CABF0F}.Debug|Any CPU.ActiveCfg = Debug|Any CPU
		{DB29FB08-5ACE-41D9-A6DE-F00B21CABF0F}.Debug|Any CPU.Build.0 = Debug|Any CPU
		{DB29FB08-5ACE-41D9-A6DE-F00B21CABF0F}.Release|Any CPU.ActiveCfg = Release|Any CPU
		{DB29FB08-5ACE-41D9-A6DE-F00B21CABF0F}.Release|Any CPU.Build.0 = Release|Any CPU
		{5A3A79D6-A6D8-4A9D-9C53-98841BB84195}.Debug|Any CPU.ActiveCfg = Debug|Any CPU
		{5A3A79D6-A6D8-4A9D-9C53-98841BB84195}.Debug|Any CPU.Build.0 = Debug|Any CPU
		{5A3A79D6-A6D8-4A9D-9C53-98841BB84195}.Release|Any CPU.ActiveCfg = Release|Any CPU
		{5A3A79D6-A6D8-4A9D-9C53-98841BB84195}.Release|Any CPU.Build.0 = Release|Any CPU
		{D35F45EB-9FFF-455E-969E-0D84232FCBB6}.Debug|Any CPU.ActiveCfg = Debug|Any CPU
		{D35F45EB-9FFF-455E-969E-0D84232FCBB6}.Debug|Any CPU.Build.0 = Debug|Any CPU
		{D35F45EB-9FFF-455E-969E-0D84232FCBB6}.Release|Any CPU.ActiveCfg = Release|Any CPU
		{D35F45EB-9FFF-455E-969E-0D84232FCBB6}.Release|Any CPU.Build.0 = Release|Any CPU
	EndGlobalSection
	GlobalSection(SolutionProperties) = preSolution
		HideSolutionNode = FALSE
	EndGlobalSection
	GlobalSection(ExtensibilityGlobals) = postSolution
		SolutionGuid = {97F0F8A7-16BB-44CA-A1C4-B91F8A1D8A09}
	EndGlobalSection
EndGlobal
